
Microsoft Visual Studio Solution File, Format Version 12.00
Project("{2150E333-8FDC-42A3-9474-1A3956D46DE8}") = "Products", "Products", "{588D3F99-BF77-4C10-8B0D-1C0F0E3BA6B5}"
EndProject
Project("{2150E333-8FDC-42A3-9474-1A3956D46DE8}") = "Customers", "Customers", "{48D08DA6-DB40-4CCD-8DAB-9E97CE0C06EA}"
EndProject
Project("{2150E333-8FDC-42A3-9474-1A3956D46DE8}") = "Orders", "Orders", "{AA80CD21-E17F-4BDA-82DE-695456F943C8}"
EndProject
Project("{2150E333-8FDC-42A3-9474-1A3956D46DE8}") = "Common", "Common", "{57BE6D2A-6330-4134-8F9C-C2EE91D88969}"
EndProject
Project("{2150E333-8FDC-42A3-9474-1A3956D46DE8}") = "Api", "Api", "{D21B4D40-A017-4F13-91E8-6F008EFFD721}"
EndProject
Project("{FAE04EC0-301F-11D3-BF4B-00C04F79EFBC}") = "Api", "Products\Api\Api.csproj", "{D46C420A-BFE1-40E8-97ED-12912563C10F}"
EndProject
Project("{2150E333-8FDC-42A3-9474-1A3956D46DE8}") = "Migrations", "Migrations", "{0893368A-28CC-4F83-8566-C48391A8AA54}"
EndProject
Project("{2150E333-8FDC-42A3-9474-1A3956D46DE8}") = "Tests", "Tests", "{F652B82D-B48D-41B4-86FE-DF9C6F2240FA}"
EndProject
Project("{FAE04EC0-301F-11D3-BF4B-00C04F79EFBC}") = "Api.Managers", "Products\Api.Managers\Api.Managers.csproj", "{A0D156CC-A5E6-4F58-B149-80EA5AF10ACC}"
EndProject
Project("{FAE04EC0-301F-11D3-BF4B-00C04F79EFBC}") = "Api.ObjectModels", "Products\Api.ObjectModels\Api.ObjectModels.csproj", "{28AEA55B-6C8D-491C-8E1C-AF069317FD2B}"
EndProject
Project("{FAE04EC0-301F-11D3-BF4B-00C04F79EFBC}") = "Api.Dtos", "Common\Api.Dtos\Api.Dtos.csproj", "{698C48F0-09BA-4F64-A016-E66C2DBB240D}"
EndProject
Project("{FAE04EC0-301F-11D3-BF4B-00C04F79EFBC}") = "Api.ObjectModels.Base", "Common\Api.ObjectModels.Base\Api.ObjectModels.Base.csproj", "{9A70808F-F3C1-4748-A54D-A3D7F9F9D156}"
EndProject
Project("{FAE04EC0-301F-11D3-BF4B-00C04F79EFBC}") = "Api.Tools", "Common\Api.Tools\Api.Tools.csproj", "{E7F647EE-B22B-4DFF-B5C4-ECAAF6952E98}"
EndProject
Project("{FAE04EC0-301F-11D3-BF4B-00C04F79EFBC}") = "Api.Migrations", "Products\Api.Migrations\Api.Migrations.csproj", "{ABA2AB10-C37B-44E6-96B0-A14640E22D24}"
EndProject
Project("{FAE04EC0-301F-11D3-BF4B-00C04F79EFBC}") = "Api.Migrations.Product", "Products\Api.Migrations.Product\Api.Migrations.Product.csproj", "{D4AB8773-F18A-417D-A0EF-BC58F80EEA54}"
EndProject
Project("{FAE04EC0-301F-11D3-BF4B-00C04F79EFBC}") = "Api.IntegrationTests", "Products\Api.IntegrationTests\Api.IntegrationTests.csproj", "{EA3F6650-A5F6-491A-A1C8-DDEC62C7325A}"
EndProject
Project("{2150E333-8FDC-42A3-9474-1A3956D46DE8}") = "Api", "Api", "{6F59B45D-A3BA-40E4-B132-A25E92E34BDB}"
EndProject
Project("{FAE04EC0-301F-11D3-BF4B-00C04F79EFBC}") = "Api", "Customers\Api\Api.csproj", "{73AEDD8E-AE14-4F88-879E-F5F8FD24525C}"
EndProject
Project("{2150E333-8FDC-42A3-9474-1A3956D46DE8}") = "Migrations", "Migrations", "{E35F7F0B-2684-40EC-A747-1C9ED4391CAC}"
EndProject
Project("{2150E333-8FDC-42A3-9474-1A3956D46DE8}") = "Tests", "Tests", "{B4830E31-0A79-4180-99BE-74C00D9A0865}"
EndProject
Project("{FAE04EC0-301F-11D3-BF4B-00C04F79EFBC}") = "Api.Managers", "Customers\Api.Managers\Api.Managers.csproj", "{D087FBCD-9193-4930-836D-E74B15EB5228}"
EndProject
Project("{FAE04EC0-301F-11D3-BF4B-00C04F79EFBC}") = "Api.ObjectModels", "Customers\Api.ObjectModels\Api.ObjectModels.csproj", "{CE03C5A7-4A7D-4AEE-A18B-3C1EAA5622A4}"
EndProject
Project("{FAE04EC0-301F-11D3-BF4B-00C04F79EFBC}") = "Api.Migrations", "Customers\Api.Migrations\Api.Migrations.csproj", "{8F91048F-18B1-43A5-93FA-C49010166CD1}"
EndProject
Project("{FAE04EC0-301F-11D3-BF4B-00C04F79EFBC}") = "Api.Migrations.Customer", "Customers\Api.Migrations.Customer\Api.Migrations.Customer.csproj", "{B9C5BD72-B032-4D13-9F0C-72543AFA5612}"
EndProject
Project("{FAE04EC0-301F-11D3-BF4B-00C04F79EFBC}") = "Api.IntegrationTests", "Customers\Api.IntegrationTests\Api.IntegrationTests.csproj", "{1EB0576E-9213-4FA0-AC44-54277F02606A}"
EndProject
Project("{2150E333-8FDC-42A3-9474-1A3956D46DE8}") = "Api", "Api", "{632CD5DB-03B2-41BA-8389-0B54B69EFF15}"
EndProject
Project("{2150E333-8FDC-42A3-9474-1A3956D46DE8}") = "Migrations", "Migrations", "{201E11D3-0B1E-4E74-88D2-EA33A05C5F66}"
EndProject
Project("{2150E333-8FDC-42A3-9474-1A3956D46DE8}") = "Tests", "Tests", "{9B9DD362-CBFC-42BC-A04C-2DF2B0B25CAD}"
EndProject
Project("{FAE04EC0-301F-11D3-BF4B-00C04F79EFBC}") = "Api", "Orders\Api\Api.csproj", "{70BD6E0C-8010-49D1-89AB-C7DE74CE0469}"
EndProject
Project("{FAE04EC0-301F-11D3-BF4B-00C04F79EFBC}") = "Api.Managers", "Orders\Api.Managers\Api.Managers.csproj", "{53F93E8C-75C6-41BA-9366-7B9FF621A60A}"
EndProject
Project("{FAE04EC0-301F-11D3-BF4B-00C04F79EFBC}") = "Api.ObjectModels", "Orders\Api.ObjectModels\Api.ObjectModels.csproj", "{D46283BA-EA95-423C-8118-5EDFF59EDC5C}"
EndProject
Project("{FAE04EC0-301F-11D3-BF4B-00C04F79EFBC}") = "Api.Migrations.Order", "Orders\Api.Migrations.Order\Api.Migrations.Order.csproj", "{CE86E722-4B99-4334-BB45-5BBCD47E8996}"
EndProject
Project("{FAE04EC0-301F-11D3-BF4B-00C04F79EFBC}") = "Api.Migrations", "Orders\Api.Migrations\Api.Migrations.csproj", "{22BC541B-7DD7-4DD2-8549-9F228E07FD7C}"
EndProject
Project("{FAE04EC0-301F-11D3-BF4B-00C04F79EFBC}") = "Api.IntegrationTests", "Orders\Api.IntegrationTests\Api.IntegrationTests.csproj", "{5246A86C-DB57-442E-9901-1ECC0335D6F4}"
EndProject
Project("{2150E333-8FDC-42A3-9474-1A3956D46DE8}") = "ClientServices", "ClientServices", "{C4DB15AB-DBC1-4F06-A10B-90B66EF9BFDB}"
EndProject
Project("{2150E333-8FDC-42A3-9474-1A3956D46DE8}") = "RabbitMq", "RabbitMq", "{9E6D2DF2-E512-48A1-8FE1-8A25BAB56838}"
EndProject
Project("{FAE04EC0-301F-11D3-BF4B-00C04F79EFBC}") = "Api.RabbitMqServiceClients", "Orders\Api.RabbitMqServiceClients\Api.RabbitMqServiceClients.csproj", "{E001FC9F-5771-47D5-A9F8-84AA62975A6B}"
EndProject
Project("{2150E333-8FDC-42A3-9474-1A3956D46DE8}") = "ClientServices", "ClientServices", "{48290567-4DF3-4BC2-A999-BB4D09308598}"
EndProject
Project("{FAE04EC0-301F-11D3-BF4B-00C04F79EFBC}") = "Api.ProductServiceClients", "RabbitMq\Api.ProductServiceClients\Api.ProductServiceClients.csproj", "{8FC56C30-A30D-49DA-ABEC-B7101535E96A}"
EndProject
Project("{FAE04EC0-301F-11D3-BF4B-00C04F79EFBC}") = "Api.CustomerServiceClients", "RabbitMq\Api.CustomerServiceClients\Api.CustomerServiceClients.csproj", "{21C73260-7F19-4EFB-86E9-F22AC6421EF9}"
EndProject
Project("{2150E333-8FDC-42A3-9474-1A3956D46DE8}") = "Api", "Api", "{A9463D0F-E3E0-40C7-A81C-B38977F5E166}"
EndProject
Project("{FAE04EC0-301F-11D3-BF4B-00C04F79EFBC}") = "Api", "RabbitMq\Api\Api.csproj", "{1CBEB8A8-A050-409F-A6F6-031335742BDD}"
EndProject
Project("{FAE04EC0-301F-11D3-BF4B-00C04F79EFBC}") = "Api.Managers", "RabbitMq\Api.Managers\Api.Managers.csproj", "{F7D4C716-E80F-40A3-B87E-3DCF0C038EB6}"
EndProject
Project("{FAE04EC0-301F-11D3-BF4B-00C04F79EFBC}") = "Api.OrderServiceClients", "RabbitMq\Api.OrderServiceClients\Api.OrderServiceClients.csproj", "{CFDDDF0E-B30B-4022-B1AD-D4F34E2AB29B}"
EndProject
Project("{2150E333-8FDC-42A3-9474-1A3956D46DE8}") = "Tests", "Tests", "{93A4C16C-9495-4EA7-A65E-4AB3BD0F06F9}"
EndProject
Project("{FAE04EC0-301F-11D3-BF4B-00C04F79EFBC}") = "Api.UnitTests", "RabbitMq\Api.UnitTests\Api.UnitTests.csproj", "{8BB5FBE8-F223-4111-9860-669B6D4F0F9B}"
EndProject
Project("{FAE04EC0-301F-11D3-BF4B-00C04F79EFBC}") = "Api.UnitTests", "Products\Api.UnitTests\Api.UnitTests.csproj", "{D082E0B1-7A8C-4A22-874A-277CB5238BAA}"
EndProject
Project("{FAE04EC0-301F-11D3-BF4B-00C04F79EFBC}") = "Api.UnitTests", "Orders\Api.UnitTests\Api.UnitTests.csproj", "{44BA3F17-9278-410F-BEE1-1708FB09B1C3}"
EndProject
Project("{FAE04EC0-301F-11D3-BF4B-00C04F79EFBC}") = "Api.UnitTests", "Customers\Api.UnitTests\Api.UnitTests.csproj", "{74B4E348-A780-4C6A-BE07-97B90F1FD4EF}"
EndProject
Global
	GlobalSection(SolutionConfigurationPlatforms) = preSolution
		Debug|Any CPU = Debug|Any CPU
		Release|Any CPU = Release|Any CPU
	EndGlobalSection
	GlobalSection(NestedProjects) = preSolution
		{D21B4D40-A017-4F13-91E8-6F008EFFD721} = {588D3F99-BF77-4C10-8B0D-1C0F0E3BA6B5}
		{D46C420A-BFE1-40E8-97ED-12912563C10F} = {D21B4D40-A017-4F13-91E8-6F008EFFD721}
		{0893368A-28CC-4F83-8566-C48391A8AA54} = {588D3F99-BF77-4C10-8B0D-1C0F0E3BA6B5}
		{F652B82D-B48D-41B4-86FE-DF9C6F2240FA} = {588D3F99-BF77-4C10-8B0D-1C0F0E3BA6B5}
		{A0D156CC-A5E6-4F58-B149-80EA5AF10ACC} = {D21B4D40-A017-4F13-91E8-6F008EFFD721}
		{28AEA55B-6C8D-491C-8E1C-AF069317FD2B} = {D21B4D40-A017-4F13-91E8-6F008EFFD721}
		{698C48F0-09BA-4F64-A016-E66C2DBB240D} = {57BE6D2A-6330-4134-8F9C-C2EE91D88969}
		{9A70808F-F3C1-4748-A54D-A3D7F9F9D156} = {57BE6D2A-6330-4134-8F9C-C2EE91D88969}
		{E7F647EE-B22B-4DFF-B5C4-ECAAF6952E98} = {57BE6D2A-6330-4134-8F9C-C2EE91D88969}
		{ABA2AB10-C37B-44E6-96B0-A14640E22D24} = {0893368A-28CC-4F83-8566-C48391A8AA54}
		{D4AB8773-F18A-417D-A0EF-BC58F80EEA54} = {0893368A-28CC-4F83-8566-C48391A8AA54}
		{EA3F6650-A5F6-491A-A1C8-DDEC62C7325A} = {F652B82D-B48D-41B4-86FE-DF9C6F2240FA}
		{6F59B45D-A3BA-40E4-B132-A25E92E34BDB} = {48D08DA6-DB40-4CCD-8DAB-9E97CE0C06EA}
		{73AEDD8E-AE14-4F88-879E-F5F8FD24525C} = {6F59B45D-A3BA-40E4-B132-A25E92E34BDB}
		{E35F7F0B-2684-40EC-A747-1C9ED4391CAC} = {48D08DA6-DB40-4CCD-8DAB-9E97CE0C06EA}
		{B4830E31-0A79-4180-99BE-74C00D9A0865} = {48D08DA6-DB40-4CCD-8DAB-9E97CE0C06EA}
		{D087FBCD-9193-4930-836D-E74B15EB5228} = {6F59B45D-A3BA-40E4-B132-A25E92E34BDB}
		{CE03C5A7-4A7D-4AEE-A18B-3C1EAA5622A4} = {6F59B45D-A3BA-40E4-B132-A25E92E34BDB}
		{8F91048F-18B1-43A5-93FA-C49010166CD1} = {E35F7F0B-2684-40EC-A747-1C9ED4391CAC}
		{B9C5BD72-B032-4D13-9F0C-72543AFA5612} = {E35F7F0B-2684-40EC-A747-1C9ED4391CAC}
		{1EB0576E-9213-4FA0-AC44-54277F02606A} = {B4830E31-0A79-4180-99BE-74C00D9A0865}
		{632CD5DB-03B2-41BA-8389-0B54B69EFF15} = {AA80CD21-E17F-4BDA-82DE-695456F943C8}
		{201E11D3-0B1E-4E74-88D2-EA33A05C5F66} = {AA80CD21-E17F-4BDA-82DE-695456F943C8}
		{9B9DD362-CBFC-42BC-A04C-2DF2B0B25CAD} = {AA80CD21-E17F-4BDA-82DE-695456F943C8}
		{70BD6E0C-8010-49D1-89AB-C7DE74CE0469} = {632CD5DB-03B2-41BA-8389-0B54B69EFF15}
		{53F93E8C-75C6-41BA-9366-7B9FF621A60A} = {632CD5DB-03B2-41BA-8389-0B54B69EFF15}
		{D46283BA-EA95-423C-8118-5EDFF59EDC5C} = {632CD5DB-03B2-41BA-8389-0B54B69EFF15}
		{CE86E722-4B99-4334-BB45-5BBCD47E8996} = {201E11D3-0B1E-4E74-88D2-EA33A05C5F66}
		{22BC541B-7DD7-4DD2-8549-9F228E07FD7C} = {201E11D3-0B1E-4E74-88D2-EA33A05C5F66}
		{5246A86C-DB57-442E-9901-1ECC0335D6F4} = {9B9DD362-CBFC-42BC-A04C-2DF2B0B25CAD}
		{C4DB15AB-DBC1-4F06-A10B-90B66EF9BFDB} = {AA80CD21-E17F-4BDA-82DE-695456F943C8}
		{E001FC9F-5771-47D5-A9F8-84AA62975A6B} = {C4DB15AB-DBC1-4F06-A10B-90B66EF9BFDB}
		{48290567-4DF3-4BC2-A999-BB4D09308598} = {9E6D2DF2-E512-48A1-8FE1-8A25BAB56838}
		{8FC56C30-A30D-49DA-ABEC-B7101535E96A} = {48290567-4DF3-4BC2-A999-BB4D09308598}
		{21C73260-7F19-4EFB-86E9-F22AC6421EF9} = {48290567-4DF3-4BC2-A999-BB4D09308598}
		{A9463D0F-E3E0-40C7-A81C-B38977F5E166} = {9E6D2DF2-E512-48A1-8FE1-8A25BAB56838}
		{1CBEB8A8-A050-409F-A6F6-031335742BDD} = {A9463D0F-E3E0-40C7-A81C-B38977F5E166}
		{F7D4C716-E80F-40A3-B87E-3DCF0C038EB6} = {A9463D0F-E3E0-40C7-A81C-B38977F5E166}
		{CFDDDF0E-B30B-4022-B1AD-D4F34E2AB29B} = {48290567-4DF3-4BC2-A999-BB4D09308598}
		{93A4C16C-9495-4EA7-A65E-4AB3BD0F06F9} = {9E6D2DF2-E512-48A1-8FE1-8A25BAB56838}
		{8BB5FBE8-F223-4111-9860-669B6D4F0F9B} = {93A4C16C-9495-4EA7-A65E-4AB3BD0F06F9}
		{D082E0B1-7A8C-4A22-874A-277CB5238BAA} = {F652B82D-B48D-41B4-86FE-DF9C6F2240FA}
		{44BA3F17-9278-410F-BEE1-1708FB09B1C3} = {9B9DD362-CBFC-42BC-A04C-2DF2B0B25CAD}
		{74B4E348-A780-4C6A-BE07-97B90F1FD4EF} = {B4830E31-0A79-4180-99BE-74C00D9A0865}
	EndGlobalSection
	GlobalSection(ProjectConfigurationPlatforms) = postSolution
		{D46C420A-BFE1-40E8-97ED-12912563C10F}.Debug|Any CPU.ActiveCfg = Debug|Any CPU
		{D46C420A-BFE1-40E8-97ED-12912563C10F}.Debug|Any CPU.Build.0 = Debug|Any CPU
		{D46C420A-BFE1-40E8-97ED-12912563C10F}.Release|Any CPU.ActiveCfg = Release|Any CPU
		{D46C420A-BFE1-40E8-97ED-12912563C10F}.Release|Any CPU.Build.0 = Release|Any CPU
		{A0D156CC-A5E6-4F58-B149-80EA5AF10ACC}.Debug|Any CPU.ActiveCfg = Debug|Any CPU
		{A0D156CC-A5E6-4F58-B149-80EA5AF10ACC}.Debug|Any CPU.Build.0 = Debug|Any CPU
		{A0D156CC-A5E6-4F58-B149-80EA5AF10ACC}.Release|Any CPU.ActiveCfg = Release|Any CPU
		{A0D156CC-A5E6-4F58-B149-80EA5AF10ACC}.Release|Any CPU.Build.0 = Release|Any CPU
		{28AEA55B-6C8D-491C-8E1C-AF069317FD2B}.Debug|Any CPU.ActiveCfg = Debug|Any CPU
		{28AEA55B-6C8D-491C-8E1C-AF069317FD2B}.Debug|Any CPU.Build.0 = Debug|Any CPU
		{28AEA55B-6C8D-491C-8E1C-AF069317FD2B}.Release|Any CPU.ActiveCfg = Release|Any CPU
		{28AEA55B-6C8D-491C-8E1C-AF069317FD2B}.Release|Any CPU.Build.0 = Release|Any CPU
		{698C48F0-09BA-4F64-A016-E66C2DBB240D}.Debug|Any CPU.ActiveCfg = Debug|Any CPU
		{698C48F0-09BA-4F64-A016-E66C2DBB240D}.Debug|Any CPU.Build.0 = Debug|Any CPU
		{698C48F0-09BA-4F64-A016-E66C2DBB240D}.Release|Any CPU.ActiveCfg = Release|Any CPU
		{698C48F0-09BA-4F64-A016-E66C2DBB240D}.Release|Any CPU.Build.0 = Release|Any CPU
		{9A70808F-F3C1-4748-A54D-A3D7F9F9D156}.Debug|Any CPU.ActiveCfg = Debug|Any CPU
		{9A70808F-F3C1-4748-A54D-A3D7F9F9D156}.Debug|Any CPU.Build.0 = Debug|Any CPU
		{9A70808F-F3C1-4748-A54D-A3D7F9F9D156}.Release|Any CPU.ActiveCfg = Release|Any CPU
		{9A70808F-F3C1-4748-A54D-A3D7F9F9D156}.Release|Any CPU.Build.0 = Release|Any CPU
		{E7F647EE-B22B-4DFF-B5C4-ECAAF6952E98}.Debug|Any CPU.ActiveCfg = Debug|Any CPU
		{E7F647EE-B22B-4DFF-B5C4-ECAAF6952E98}.Debug|Any CPU.Build.0 = Debug|Any CPU
		{E7F647EE-B22B-4DFF-B5C4-ECAAF6952E98}.Release|Any CPU.ActiveCfg = Release|Any CPU
		{E7F647EE-B22B-4DFF-B5C4-ECAAF6952E98}.Release|Any CPU.Build.0 = Release|Any CPU
		{ABA2AB10-C37B-44E6-96B0-A14640E22D24}.Debug|Any CPU.ActiveCfg = Debug|Any CPU
		{ABA2AB10-C37B-44E6-96B0-A14640E22D24}.Debug|Any CPU.Build.0 = Debug|Any CPU
		{ABA2AB10-C37B-44E6-96B0-A14640E22D24}.Release|Any CPU.ActiveCfg = Release|Any CPU
		{ABA2AB10-C37B-44E6-96B0-A14640E22D24}.Release|Any CPU.Build.0 = Release|Any CPU
		{D4AB8773-F18A-417D-A0EF-BC58F80EEA54}.Debug|Any CPU.ActiveCfg = Debug|Any CPU
		{D4AB8773-F18A-417D-A0EF-BC58F80EEA54}.Debug|Any CPU.Build.0 = Debug|Any CPU
		{D4AB8773-F18A-417D-A0EF-BC58F80EEA54}.Release|Any CPU.ActiveCfg = Release|Any CPU
		{D4AB8773-F18A-417D-A0EF-BC58F80EEA54}.Release|Any CPU.Build.0 = Release|Any CPU
		{EA3F6650-A5F6-491A-A1C8-DDEC62C7325A}.Debug|Any CPU.ActiveCfg = Debug|Any CPU
		{EA3F6650-A5F6-491A-A1C8-DDEC62C7325A}.Debug|Any CPU.Build.0 = Debug|Any CPU
		{EA3F6650-A5F6-491A-A1C8-DDEC62C7325A}.Release|Any CPU.ActiveCfg = Release|Any CPU
		{EA3F6650-A5F6-491A-A1C8-DDEC62C7325A}.Release|Any CPU.Build.0 = Release|Any CPU
		{73AEDD8E-AE14-4F88-879E-F5F8FD24525C}.Debug|Any CPU.ActiveCfg = Debug|Any CPU
		{73AEDD8E-AE14-4F88-879E-F5F8FD24525C}.Debug|Any CPU.Build.0 = Debug|Any CPU
		{73AEDD8E-AE14-4F88-879E-F5F8FD24525C}.Release|Any CPU.ActiveCfg = Release|Any CPU
		{73AEDD8E-AE14-4F88-879E-F5F8FD24525C}.Release|Any CPU.Build.0 = Release|Any CPU
		{D087FBCD-9193-4930-836D-E74B15EB5228}.Debug|Any CPU.ActiveCfg = Debug|Any CPU
		{D087FBCD-9193-4930-836D-E74B15EB5228}.Debug|Any CPU.Build.0 = Debug|Any CPU
		{D087FBCD-9193-4930-836D-E74B15EB5228}.Release|Any CPU.ActiveCfg = Release|Any CPU
		{D087FBCD-9193-4930-836D-E74B15EB5228}.Release|Any CPU.Build.0 = Release|Any CPU
		{CE03C5A7-4A7D-4AEE-A18B-3C1EAA5622A4}.Debug|Any CPU.ActiveCfg = Debug|Any CPU
		{CE03C5A7-4A7D-4AEE-A18B-3C1EAA5622A4}.Debug|Any CPU.Build.0 = Debug|Any CPU
		{CE03C5A7-4A7D-4AEE-A18B-3C1EAA5622A4}.Release|Any CPU.ActiveCfg = Release|Any CPU
		{CE03C5A7-4A7D-4AEE-A18B-3C1EAA5622A4}.Release|Any CPU.Build.0 = Release|Any CPU
		{8F91048F-18B1-43A5-93FA-C49010166CD1}.Debug|Any CPU.ActiveCfg = Debug|Any CPU
		{8F91048F-18B1-43A5-93FA-C49010166CD1}.Debug|Any CPU.Build.0 = Debug|Any CPU
		{8F91048F-18B1-43A5-93FA-C49010166CD1}.Release|Any CPU.ActiveCfg = Release|Any CPU
		{8F91048F-18B1-43A5-93FA-C49010166CD1}.Release|Any CPU.Build.0 = Release|Any CPU
		{B9C5BD72-B032-4D13-9F0C-72543AFA5612}.Debug|Any CPU.ActiveCfg = Debug|Any CPU
		{B9C5BD72-B032-4D13-9F0C-72543AFA5612}.Debug|Any CPU.Build.0 = Debug|Any CPU
		{B9C5BD72-B032-4D13-9F0C-72543AFA5612}.Release|Any CPU.ActiveCfg = Release|Any CPU
		{B9C5BD72-B032-4D13-9F0C-72543AFA5612}.Release|Any CPU.Build.0 = Release|Any CPU
		{1EB0576E-9213-4FA0-AC44-54277F02606A}.Debug|Any CPU.ActiveCfg = Debug|Any CPU
		{1EB0576E-9213-4FA0-AC44-54277F02606A}.Debug|Any CPU.Build.0 = Debug|Any CPU
		{1EB0576E-9213-4FA0-AC44-54277F02606A}.Release|Any CPU.ActiveCfg = Release|Any CPU
		{1EB0576E-9213-4FA0-AC44-54277F02606A}.Release|Any CPU.Build.0 = Release|Any CPU
		{70BD6E0C-8010-49D1-89AB-C7DE74CE0469}.Debug|Any CPU.ActiveCfg = Debug|Any CPU
		{70BD6E0C-8010-49D1-89AB-C7DE74CE0469}.Debug|Any CPU.Build.0 = Debug|Any CPU
		{70BD6E0C-8010-49D1-89AB-C7DE74CE0469}.Release|Any CPU.ActiveCfg = Release|Any CPU
		{70BD6E0C-8010-49D1-89AB-C7DE74CE0469}.Release|Any CPU.Build.0 = Release|Any CPU
		{53F93E8C-75C6-41BA-9366-7B9FF621A60A}.Debug|Any CPU.ActiveCfg = Debug|Any CPU
		{53F93E8C-75C6-41BA-9366-7B9FF621A60A}.Debug|Any CPU.Build.0 = Debug|Any CPU
		{53F93E8C-75C6-41BA-9366-7B9FF621A60A}.Release|Any CPU.ActiveCfg = Release|Any CPU
		{53F93E8C-75C6-41BA-9366-7B9FF621A60A}.Release|Any CPU.Build.0 = Release|Any CPU
		{D46283BA-EA95-423C-8118-5EDFF59EDC5C}.Debug|Any CPU.ActiveCfg = Debug|Any CPU
		{D46283BA-EA95-423C-8118-5EDFF59EDC5C}.Debug|Any CPU.Build.0 = Debug|Any CPU
		{D46283BA-EA95-423C-8118-5EDFF59EDC5C}.Release|Any CPU.ActiveCfg = Release|Any CPU
		{D46283BA-EA95-423C-8118-5EDFF59EDC5C}.Release|Any CPU.Build.0 = Release|Any CPU
		{CE86E722-4B99-4334-BB45-5BBCD47E8996}.Debug|Any CPU.ActiveCfg = Debug|Any CPU
		{CE86E722-4B99-4334-BB45-5BBCD47E8996}.Debug|Any CPU.Build.0 = Debug|Any CPU
		{CE86E722-4B99-4334-BB45-5BBCD47E8996}.Release|Any CPU.ActiveCfg = Release|Any CPU
		{CE86E722-4B99-4334-BB45-5BBCD47E8996}.Release|Any CPU.Build.0 = Release|Any CPU
		{22BC541B-7DD7-4DD2-8549-9F228E07FD7C}.Debug|Any CPU.ActiveCfg = Debug|Any CPU
		{22BC541B-7DD7-4DD2-8549-9F228E07FD7C}.Debug|Any CPU.Build.0 = Debug|Any CPU
		{22BC541B-7DD7-4DD2-8549-9F228E07FD7C}.Release|Any CPU.ActiveCfg = Release|Any CPU
		{22BC541B-7DD7-4DD2-8549-9F228E07FD7C}.Release|Any CPU.Build.0 = Release|Any CPU
		{5246A86C-DB57-442E-9901-1ECC0335D6F4}.Debug|Any CPU.ActiveCfg = Debug|Any CPU
		{5246A86C-DB57-442E-9901-1ECC0335D6F4}.Debug|Any CPU.Build.0 = Debug|Any CPU
		{5246A86C-DB57-442E-9901-1ECC0335D6F4}.Release|Any CPU.ActiveCfg = Release|Any CPU
		{5246A86C-DB57-442E-9901-1ECC0335D6F4}.Release|Any CPU.Build.0 = Release|Any CPU
		{E001FC9F-5771-47D5-A9F8-84AA62975A6B}.Debug|Any CPU.ActiveCfg = Debug|Any CPU
		{E001FC9F-5771-47D5-A9F8-84AA62975A6B}.Debug|Any CPU.Build.0 = Debug|Any CPU
		{E001FC9F-5771-47D5-A9F8-84AA62975A6B}.Release|Any CPU.ActiveCfg = Release|Any CPU
		{E001FC9F-5771-47D5-A9F8-84AA62975A6B}.Release|Any CPU.Build.0 = Release|Any CPU
		{8FC56C30-A30D-49DA-ABEC-B7101535E96A}.Debug|Any CPU.ActiveCfg = Debug|Any CPU
		{8FC56C30-A30D-49DA-ABEC-B7101535E96A}.Debug|Any CPU.Build.0 = Debug|Any CPU
		{8FC56C30-A30D-49DA-ABEC-B7101535E96A}.Release|Any CPU.ActiveCfg = Release|Any CPU
		{8FC56C30-A30D-49DA-ABEC-B7101535E96A}.Release|Any CPU.Build.0 = Release|Any CPU
		{21C73260-7F19-4EFB-86E9-F22AC6421EF9}.Debug|Any CPU.ActiveCfg = Debug|Any CPU
		{21C73260-7F19-4EFB-86E9-F22AC6421EF9}.Debug|Any CPU.Build.0 = Debug|Any CPU
		{21C73260-7F19-4EFB-86E9-F22AC6421EF9}.Release|Any CPU.ActiveCfg = Release|Any CPU
		{21C73260-7F19-4EFB-86E9-F22AC6421EF9}.Release|Any CPU.Build.0 = Release|Any CPU
		{1CBEB8A8-A050-409F-A6F6-031335742BDD}.Debug|Any CPU.ActiveCfg = Debug|Any CPU
		{1CBEB8A8-A050-409F-A6F6-031335742BDD}.Debug|Any CPU.Build.0 = Debug|Any CPU
		{1CBEB8A8-A050-409F-A6F6-031335742BDD}.Release|Any CPU.ActiveCfg = Release|Any CPU
		{1CBEB8A8-A050-409F-A6F6-031335742BDD}.Release|Any CPU.Build.0 = Release|Any CPU
		{F7D4C716-E80F-40A3-B87E-3DCF0C038EB6}.Debug|Any CPU.ActiveCfg = Debug|Any CPU
		{F7D4C716-E80F-40A3-B87E-3DCF0C038EB6}.Debug|Any CPU.Build.0 = Debug|Any CPU
		{F7D4C716-E80F-40A3-B87E-3DCF0C038EB6}.Release|Any CPU.ActiveCfg = Release|Any CPU
		{F7D4C716-E80F-40A3-B87E-3DCF0C038EB6}.Release|Any CPU.Build.0 = Release|Any CPU
		{CFDDDF0E-B30B-4022-B1AD-D4F34E2AB29B}.Debug|Any CPU.ActiveCfg = Debug|Any CPU
		{CFDDDF0E-B30B-4022-B1AD-D4F34E2AB29B}.Debug|Any CPU.Build.0 = Debug|Any CPU
		{CFDDDF0E-B30B-4022-B1AD-D4F34E2AB29B}.Release|Any CPU.ActiveCfg = Release|Any CPU
		{CFDDDF0E-B30B-4022-B1AD-D4F34E2AB29B}.Release|Any CPU.Build.0 = Release|Any CPU
		{8BB5FBE8-F223-4111-9860-669B6D4F0F9B}.Debug|Any CPU.ActiveCfg = Debug|Any CPU
		{8BB5FBE8-F223-4111-9860-669B6D4F0F9B}.Debug|Any CPU.Build.0 = Debug|Any CPU
		{8BB5FBE8-F223-4111-9860-669B6D4F0F9B}.Release|Any CPU.ActiveCfg = Release|Any CPU
		{8BB5FBE8-F223-4111-9860-669B6D4F0F9B}.Release|Any CPU.Build.0 = Release|Any CPU
		{D082E0B1-7A8C-4A22-874A-277CB5238BAA}.Debug|Any CPU.ActiveCfg = Debug|Any CPU
		{D082E0B1-7A8C-4A22-874A-277CB5238BAA}.Debug|Any CPU.Build.0 = Debug|Any CPU
		{D082E0B1-7A8C-4A22-874A-277CB5238BAA}.Release|Any CPU.ActiveCfg = Release|Any CPU
		{D082E0B1-7A8C-4A22-874A-277CB5238BAA}.Release|Any CPU.Build.0 = Release|Any CPU
		{44BA3F17-9278-410F-BEE1-1708FB09B1C3}.Debug|Any CPU.ActiveCfg = Debug|Any CPU
		{44BA3F17-9278-410F-BEE1-1708FB09B1C3}.Debug|Any CPU.Build.0 = Debug|Any CPU
		{44BA3F17-9278-410F-BEE1-1708FB09B1C3}.Release|Any CPU.ActiveCfg = Release|Any CPU
		{44BA3F17-9278-410F-BEE1-1708FB09B1C3}.Release|Any CPU.Build.0 = Release|Any CPU
		{74B4E348-A780-4C6A-BE07-97B90F1FD4EF}.Debug|Any CPU.ActiveCfg = Debug|Any CPU
		{74B4E348-A780-4C6A-BE07-97B90F1FD4EF}.Debug|Any CPU.Build.0 = Debug|Any CPU
		{74B4E348-A780-4C6A-BE07-97B90F1FD4EF}.Release|Any CPU.ActiveCfg = Release|Any CPU
		{74B4E348-A780-4C6A-BE07-97B90F1FD4EF}.Release|Any CPU.Build.0 = Release|Any CPU
	EndGlobalSection
EndGlobal
